
Microsoft Visual Studio Solution File, Format Version 12.00
# Visual Studio 15
VisualStudioVersion = 15.0.27130.2036
MinimumVisualStudioVersion = 10.0.40219.1
Project("{FAE04EC0-301F-11D3-BF4B-00C04F79EFBC}") = "BadAssBooks", "BadAssBooks\BadAssBooks.csproj", "{4E647EC5-B369-42B1-8B92-8A91D9542942}"
EndProject
Global
	GlobalSection(SolutionConfigurationPlatforms) = preSolution
		Debug|Any CPU = Debug|Any CPU
		Release|Any CPU = Release|Any CPU
	EndGlobalSection
	GlobalSection(ProjectConfigurationPlatforms) = postSolution
		{4E647EC5-B369-42B1-8B92-8A91D9542942}.Debug|Any CPU.ActiveCfg = Debug|Any CPU
		{4E647EC5-B369-42B1-8B92-8A91D9542942}.Debug|Any CPU.Build.0 = Debug|Any CPU
		{4E647EC5-B369-42B1-8B92-8A91D9542942}.Release|Any CPU.ActiveCfg = Release|Any CPU
		{4E647EC5-B369-42B1-8B92-8A91D9542942}.Release|Any CPU.Build.0 = Release|Any CPU
	EndGlobalSection
	GlobalSection(SolutionProperties) = preSolution
		HideSolutionNode = FALSE
	EndGlobalSection
	GlobalSection(ExtensibilityGlobals) = postSolution
		SolutionGuid = {1C48E213-FDCE-4AA3-8120-6FD01CF265B5}
	EndGlobalSection
EndGlobal
